
Microsoft Visual Studio Solution File, Format Version 12.00
# Visual Studio Version 17
VisualStudioVersion = 17.0.31903.59
MinimumVisualStudioVersion = 10.0.40219.1
Project("{2150E333-8FDC-42A3-9474-1A3956D46DE8}") = "src", "src", "{827E0CD3-B72D-47B6-A68D-7590B98EB39B}"
EndProject
Project("{FAE04EC0-301F-11D3-BF4B-00C04F79EFBC}") = "Nine1.NMQ.Dashboard.Blazor", "src\Nine1.NMQ.Dashboard.Blazor\Nine1.NMQ.Dashboard.Blazor.csproj", "{D6BD550C-BF48-492B-9D38-8A854C52B998}"
EndProject
Project("{FAE04EC0-301F-11D3-BF4B-00C04F79EFBC}") = "Nine1.NMQ.Dashboard.Core", "src\Nine1.NMQ.Dashboard.Core\Nine1.NMQ.Dashboard.Core.csproj", "{F6BAD0C9-9A96-48F1-A3C4-3F66AA6508EF}"
EndProject
Project("{FAE04EC0-301F-11D3-BF4B-00C04F79EFBC}") = "Nine1.NMQ.Dashboard.Infrastructure", "src\Nine1.NMQ.Dashboard.Infrastructure\Nine1.NMQ.Dashboard.Infrastructure.csproj", "{171F86FF-B03B-47BE-AC7B-40E94C50D821}"
EndProject
Project("{2150E333-8FDC-42A3-9474-1A3956D46DE8}") = "tests", "tests", "{0AB3BF05-4346-4AA6-1389-037BE0695223}"
EndProject
Project("{FAE04EC0-301F-11D3-BF4B-00C04F79EFBC}") = "Nine1.NMQ.Dashboard.Tests", "tests\Nine1.NMQ.Dashboard.Tests\Nine1.NMQ.Dashboard.Tests.csproj", "{B3B415C2-7786-4640-A6A8-FFDBF10D2652}"
EndProject
Global
	GlobalSection(SolutionConfigurationPlatforms) = preSolution
		Debug|Any CPU = Debug|Any CPU
		Debug|x64 = Debug|x64
		Debug|x86 = Debug|x86
		Release|Any CPU = Release|Any CPU
		Release|x64 = Release|x64
		Release|x86 = Release|x86
	EndGlobalSection
	GlobalSection(ProjectConfigurationPlatforms) = postSolution
		{D6BD550C-BF48-492B-9D38-8A854C52B998}.Debug|Any CPU.ActiveCfg = Debug|Any CPU
		{D6BD550C-BF48-492B-9D38-8A854C52B998}.Debug|Any CPU.Build.0 = Debug|Any CPU
		{D6BD550C-BF48-492B-9D38-8A854C52B998}.Debug|x64.ActiveCfg = Debug|Any CPU
		{D6BD550C-BF48-492B-9D38-8A854C52B998}.Debug|x64.Build.0 = Debug|Any CPU
		{D6BD550C-BF48-492B-9D38-8A854C52B998}.Debug|x86.ActiveCfg = Debug|Any CPU
		{D6BD550C-BF48-492B-9D38-8A854C52B998}.Debug|x86.Build.0 = Debug|Any CPU
		{D6BD550C-BF48-492B-9D38-8A854C52B998}.Release|Any CPU.ActiveCfg = Release|Any CPU
		{D6BD550C-BF48-492B-9D38-8A854C52B998}.Release|Any CPU.Build.0 = Release|Any CPU
		{D6BD550C-BF48-492B-9D38-8A854C52B998}.Release|x64.ActiveCfg = Release|Any CPU
		{D6BD550C-BF48-492B-9D38-8A854C52B998}.Release|x64.Build.0 = Release|Any CPU
		{D6BD550C-BF48-492B-9D38-8A854C52B998}.Release|x86.ActiveCfg = Release|Any CPU
		{D6BD550C-BF48-492B-9D38-8A854C52B998}.Release|x86.Build.0 = Release|Any CPU
		{F6BAD0C9-9A96-48F1-A3C4-3F66AA6508EF}.Debug|Any CPU.ActiveCfg = Debug|Any CPU
		{F6BAD0C9-9A96-48F1-A3C4-3F66AA6508EF}.Debug|Any CPU.Build.0 = Debug|Any CPU
		{F6BAD0C9-9A96-48F1-A3C4-3F66AA6508EF}.Debug|x64.ActiveCfg = Debug|Any CPU
		{F6BAD0C9-9A96-48F1-A3C4-3F66AA6508EF}.Debug|x64.Build.0 = Debug|Any CPU
		{F6BAD0C9-9A96-48F1-A3C4-3F66AA6508EF}.Debug|x86.ActiveCfg = Debug|Any CPU
		{F6BAD0C9-9A96-48F1-A3C4-3F66AA6508EF}.Debug|x86.Build.0 = Debug|Any CPU
		{F6BAD0C9-9A96-48F1-A3C4-3F66AA6508EF}.Release|Any CPU.ActiveCfg = Release|Any CPU
		{F6BAD0C9-9A96-48F1-A3C4-3F66AA6508EF}.Release|Any CPU.Build.0 = Release|Any CPU
		{F6BAD0C9-9A96-48F1-A3C4-3F66AA6508EF}.Release|x64.ActiveCfg = Release|Any CPU
		{F6BAD0C9-9A96-48F1-A3C4-3F66AA6508EF}.Release|x64.Build.0 = Release|Any CPU
		{F6BAD0C9-9A96-48F1-A3C4-3F66AA6508EF}.Release|x86.ActiveCfg = Release|Any CPU
		{F6BAD0C9-9A96-48F1-A3C4-3F66AA6508EF}.Release|x86.Build.0 = Release|Any CPU
		{171F86FF-B03B-47BE-AC7B-40E94C50D821}.Debug|Any CPU.ActiveCfg = Debug|Any CPU
		{171F86FF-B03B-47BE-AC7B-40E94C50D821}.Debug|Any CPU.Build.0 = Debug|Any CPU
		{171F86FF-B03B-47BE-AC7B-40E94C50D821}.Debug|x64.ActiveCfg = Debug|Any CPU
		{171F86FF-B03B-47BE-AC7B-40E94C50D821}.Debug|x64.Build.0 = Debug|Any CPU
		{171F86FF-B03B-47BE-AC7B-40E94C50D821}.Debug|x86.ActiveCfg = Debug|Any CPU
		{171F86FF-B03B-47BE-AC7B-40E94C50D821}.Debug|x86.Build.0 = Debug|Any CPU
		{171F86FF-B03B-47BE-AC7B-40E94C50D821}.Release|Any CPU.ActiveCfg = Release|Any CPU
		{171F86FF-B03B-47BE-AC7B-40E94C50D821}.Release|Any CPU.Build.0 = Release|Any CPU
		{171F86FF-B03B-47BE-AC7B-40E94C50D821}.Release|x64.ActiveCfg = Release|Any CPU
		{171F86FF-B03B-47BE-AC7B-40E94C50D821}.Release|x64.Build.0 = Release|Any CPU
		{171F86FF-B03B-47BE-AC7B-40E94C50D821}.Release|x86.ActiveCfg = Release|Any CPU
		{171F86FF-B03B-47BE-AC7B-40E94C50D821}.Release|x86.Build.0 = Release|Any CPU
		{B3B415C2-7786-4640-A6A8-FFDBF10D2652}.Debug|Any CPU.ActiveCfg = Debug|Any CPU
		{B3B415C2-7786-4640-A6A8-FFDBF10D2652}.Debug|Any CPU.Build.0 = Debug|Any CPU
		{B3B415C2-7786-4640-A6A8-FFDBF10D2652}.Debug|x64.ActiveCfg = Debug|Any CPU
		{B3B415C2-7786-4640-A6A8-FFDBF10D2652}.Debug|x64.Build.0 = Debug|Any CPU
		{B3B415C2-7786-4640-A6A8-FFDBF10D2652}.Debug|x86.ActiveCfg = Debug|Any CPU
		{B3B415C2-7786-4640-A6A8-FFDBF10D2652}.Debug|x86.Build.0 = Debug|Any CPU
		{B3B415C2-7786-4640-A6A8-FFDBF10D2652}.Release|Any CPU.ActiveCfg = Release|Any CPU
		{B3B415C2-7786-4640-A6A8-FFDBF10D2652}.Release|Any CPU.Build.0 = Release|Any CPU
		{B3B415C2-7786-4640-A6A8-FFDBF10D2652}.Release|x64.ActiveCfg = Release|Any CPU
		{B3B415C2-7786-4640-A6A8-FFDBF10D2652}.Release|x64.Build.0 = Release|Any CPU
		{B3B415C2-7786-4640-A6A8-FFDBF10D2652}.Release|x86.ActiveCfg = Release|Any CPU
		{B3B415C2-7786-4640-A6A8-FFDBF10D2652}.Release|x86.Build.0 = Release|Any CPU
	EndGlobalSection
	GlobalSection(SolutionProperties) = preSolution
		HideSolutionNode = FALSE
	EndGlobalSection
	GlobalSection(NestedProjects) = preSolution
		{D6BD550C-BF48-492B-9D38-8A854C52B998} = {827E0CD3-B72D-47B6-A68D-7590B98EB39B}
		{F6BAD0C9-9A96-48F1-A3C4-3F66AA6508EF} = {827E0CD3-B72D-47B6-A68D-7590B98EB39B}
		{171F86FF-B03B-47BE-AC7B-40E94C50D821} = {827E0CD3-B72D-47B6-A68D-7590B98EB39B}
		{B3B415C2-7786-4640-A6A8-FFDBF10D2652} = {0AB3BF05-4346-4AA6-1389-037BE0695223}
	EndGlobalSection
EndGlobal
